
Microsoft Visual Studio Solution File, Format Version 12.00
# Visual Studio Version 17
VisualStudioVersion = 17.13.35825.156 d17.13
MinimumVisualStudioVersion = 10.0.40219.1
Project("{FAE04EC0-301F-11D3-BF4B-00C04F79EFBC}") = "API demo", "API demo\API demo.csproj", "{383E7463-BAF6-478A-A2AA-4CA72164ECA9}"
EndProject
Global
	GlobalSection(SolutionConfigurationPlatforms) = preSolution
		Debug|Any CPU = Debug|Any CPU
		Release|Any CPU = Release|Any CPU
	EndGlobalSection
	GlobalSection(ProjectConfigurationPlatforms) = postSolution
		{383E7463-BAF6-478A-A2AA-4CA72164ECA9}.Debug|Any CPU.ActiveCfg = Debug|Any CPU
		{383E7463-BAF6-478A-A2AA-4CA72164ECA9}.Debug|Any CPU.Build.0 = Debug|Any CPU
		{383E7463-BAF6-478A-A2AA-4CA72164ECA9}.Release|Any CPU.ActiveCfg = Release|Any CPU
		{383E7463-BAF6-478A-A2AA-4CA72164ECA9}.Release|Any CPU.Build.0 = Release|Any CPU
	EndGlobalSection
	GlobalSection(SolutionProperties) = preSolution
		HideSolutionNode = FALSE
	EndGlobalSection
	GlobalSection(ExtensibilityGlobals) = postSolution
		SolutionGuid = {A786C8FF-CB86-4AE4-8EF4-865A9C4C0A43}
	EndGlobalSection
EndGlobal
